
Microsoft Visual Studio Solution File, Format Version 12.00
# Visual Studio 15
VisualStudioVersion = 15.0.28307.136
MinimumVisualStudioVersion = 10.0.40219.1
Project("{FAE04EC0-301F-11D3-BF4B-00C04F79EFBC}") = "winvm", "winvm\winvm.csproj", "{D81B0A42-C263-4CE6-90EA-92E4D1FC053F}"
EndProject
Global
	GlobalSection(SolutionConfigurationPlatforms) = preSolution
		Debug|Any CPU = Debug|Any CPU
		Release|Any CPU = Release|Any CPU
	EndGlobalSection
	GlobalSection(ProjectConfigurationPlatforms) = postSolution
		{D81B0A42-C263-4CE6-90EA-92E4D1FC053F}.Debug|Any CPU.ActiveCfg = Debug|Any CPU
		{D81B0A42-C263-4CE6-90EA-92E4D1FC053F}.Debug|Any CPU.Build.0 = Debug|Any CPU
		{D81B0A42-C263-4CE6-90EA-92E4D1FC053F}.Release|Any CPU.ActiveCfg = Release|Any CPU
		{D81B0A42-C263-4CE6-90EA-92E4D1FC053F}.Release|Any CPU.Build.0 = Release|Any CPU
	EndGlobalSection
	GlobalSection(SolutionProperties) = preSolution
		HideSolutionNode = FALSE
	EndGlobalSection
	GlobalSection(ExtensibilityGlobals) = postSolution
		SolutionGuid = {C4F7FC7C-D5EA-4AC2-94F9-63B61E0A9EEC}
	EndGlobalSection
EndGlobal
