
Microsoft Visual Studio Solution File, Format Version 12.00
# Visual Studio 15
VisualStudioVersion = 15.0.28307.136
MinimumVisualStudioVersion = 10.0.40219.1
Project("{FAE04EC0-301F-11D3-BF4B-00C04F79EFBC}") = "winvm", "winvm\winvm.csproj", "{364116D1-959C-4C19-9B4D-2472796CF9ED}"
EndProject
Global
	GlobalSection(SolutionConfigurationPlatforms) = preSolution
		Debug|Any CPU = Debug|Any CPU
		Release|Any CPU = Release|Any CPU
	EndGlobalSection
	GlobalSection(ProjectConfigurationPlatforms) = postSolution
		{364116D1-959C-4C19-9B4D-2472796CF9ED}.Debug|Any CPU.ActiveCfg = Debug|Any CPU
		{364116D1-959C-4C19-9B4D-2472796CF9ED}.Debug|Any CPU.Build.0 = Debug|Any CPU
		{364116D1-959C-4C19-9B4D-2472796CF9ED}.Release|Any CPU.ActiveCfg = Release|Any CPU
		{364116D1-959C-4C19-9B4D-2472796CF9ED}.Release|Any CPU.Build.0 = Release|Any CPU
	EndGlobalSection
	GlobalSection(SolutionProperties) = preSolution
		HideSolutionNode = FALSE
	EndGlobalSection
	GlobalSection(ExtensibilityGlobals) = postSolution
		SolutionGuid = {F2C4A173-9973-4917-861F-BAFE1BB85DB6}
	EndGlobalSection
EndGlobal
