
Microsoft Visual Studio Solution File, Format Version 12.00
# Visual Studio 15
VisualStudioVersion = 15.0.28307.136
MinimumVisualStudioVersion = 10.0.40219.1
Project("{FAE04EC0-301F-11D3-BF4B-00C04F79EFBC}") = "winvm", "winvm\winvm.csproj", "{D81B0A42-C263-4CE6-90EA-92E4D1FC053F}"
EndProject
Project("{54435603-DBB4-11D2-8724-00A0C9A8B90C}") = "winvmSetup", "winvmSetup\winvmSetup.vdproj", "{E7E39AA8-0358-4C04-B613-54650E087259}"
EndProject
Project("{FAE04EC0-301F-11D3-BF4B-00C04F79EFBC}") = "winvmSetupAction", "winvmSetupAction\winvmSetupAction.csproj", "{3423EE98-8D7E-43DD-8AA4-ECD4D9A33D6F}"
EndProject
Global
	GlobalSection(SolutionConfigurationPlatforms) = preSolution
		Debug|Any CPU = Debug|Any CPU
		Debug|x64 = Debug|x64
		Debug|x86 = Debug|x86
		Release|Any CPU = Release|Any CPU
		Release|x64 = Release|x64
		Release|x86 = Release|x86
	EndGlobalSection
	GlobalSection(ProjectConfigurationPlatforms) = postSolution
		{D81B0A42-C263-4CE6-90EA-92E4D1FC053F}.Debug|Any CPU.ActiveCfg = Debug|Any CPU
		{D81B0A42-C263-4CE6-90EA-92E4D1FC053F}.Debug|Any CPU.Build.0 = Debug|Any CPU
		{D81B0A42-C263-4CE6-90EA-92E4D1FC053F}.Debug|x64.ActiveCfg = Debug|x64
		{D81B0A42-C263-4CE6-90EA-92E4D1FC053F}.Debug|x64.Build.0 = Debug|x64
		{D81B0A42-C263-4CE6-90EA-92E4D1FC053F}.Debug|x86.ActiveCfg = Debug|x86
		{D81B0A42-C263-4CE6-90EA-92E4D1FC053F}.Debug|x86.Build.0 = Debug|x86
		{D81B0A42-C263-4CE6-90EA-92E4D1FC053F}.Release|Any CPU.ActiveCfg = Release|Any CPU
		{D81B0A42-C263-4CE6-90EA-92E4D1FC053F}.Release|Any CPU.Build.0 = Release|Any CPU
		{D81B0A42-C263-4CE6-90EA-92E4D1FC053F}.Release|x64.ActiveCfg = Release|x64
		{D81B0A42-C263-4CE6-90EA-92E4D1FC053F}.Release|x64.Build.0 = Release|x64
		{D81B0A42-C263-4CE6-90EA-92E4D1FC053F}.Release|x86.ActiveCfg = Release|x86
		{D81B0A42-C263-4CE6-90EA-92E4D1FC053F}.Release|x86.Build.0 = Release|x86
		{E7E39AA8-0358-4C04-B613-54650E087259}.Debug|Any CPU.ActiveCfg = Debug
		{E7E39AA8-0358-4C04-B613-54650E087259}.Debug|x64.ActiveCfg = Debug
		{E7E39AA8-0358-4C04-B613-54650E087259}.Debug|x64.Build.0 = Debug
		{E7E39AA8-0358-4C04-B613-54650E087259}.Debug|x86.ActiveCfg = Debug
		{E7E39AA8-0358-4C04-B613-54650E087259}.Debug|x86.Build.0 = Debug
		{E7E39AA8-0358-4C04-B613-54650E087259}.Release|Any CPU.ActiveCfg = Release
		{E7E39AA8-0358-4C04-B613-54650E087259}.Release|x64.ActiveCfg = Release
		{E7E39AA8-0358-4C04-B613-54650E087259}.Release|x64.Build.0 = Release
		{E7E39AA8-0358-4C04-B613-54650E087259}.Release|x86.ActiveCfg = Release
		{E7E39AA8-0358-4C04-B613-54650E087259}.Release|x86.Build.0 = Release
		{3423EE98-8D7E-43DD-8AA4-ECD4D9A33D6F}.Debug|Any CPU.ActiveCfg = Debug|Any CPU
		{3423EE98-8D7E-43DD-8AA4-ECD4D9A33D6F}.Debug|Any CPU.Build.0 = Debug|Any CPU
		{3423EE98-8D7E-43DD-8AA4-ECD4D9A33D6F}.Debug|x64.ActiveCfg = Debug|x64
		{3423EE98-8D7E-43DD-8AA4-ECD4D9A33D6F}.Debug|x64.Build.0 = Debug|x64
		{3423EE98-8D7E-43DD-8AA4-ECD4D9A33D6F}.Debug|x86.ActiveCfg = Debug|x86
		{3423EE98-8D7E-43DD-8AA4-ECD4D9A33D6F}.Debug|x86.Build.0 = Debug|x86
		{3423EE98-8D7E-43DD-8AA4-ECD4D9A33D6F}.Release|Any CPU.ActiveCfg = Release|Any CPU
		{3423EE98-8D7E-43DD-8AA4-ECD4D9A33D6F}.Release|Any CPU.Build.0 = Release|Any CPU
		{3423EE98-8D7E-43DD-8AA4-ECD4D9A33D6F}.Release|x64.ActiveCfg = Release|x64
		{3423EE98-8D7E-43DD-8AA4-ECD4D9A33D6F}.Release|x64.Build.0 = Release|x64
		{3423EE98-8D7E-43DD-8AA4-ECD4D9A33D6F}.Release|x86.ActiveCfg = Release|x86
		{3423EE98-8D7E-43DD-8AA4-ECD4D9A33D6F}.Release|x86.Build.0 = Release|x86
	EndGlobalSection
	GlobalSection(SolutionProperties) = preSolution
		HideSolutionNode = FALSE
	EndGlobalSection
	GlobalSection(ExtensibilityGlobals) = postSolution
		SolutionGuid = {C4F7FC7C-D5EA-4AC2-94F9-63B61E0A9EEC}
	EndGlobalSection
EndGlobal
